
Microsoft Visual Studio Solution File, Format Version 12.00
# Visual Studio Version 17
VisualStudioVersion = 17.4.33403.182
MinimumVisualStudioVersion = 10.0.40219.1
Project("{FAE04EC0-301F-11D3-BF4B-00C04F79EFBC}") = "MIS PROJECT", "MIS PROJECT\MIS PROJECT.csproj", "{5CA45725-D65D-4EF6-9C61-92B50AA6D0DF}"
EndProject
Global
	GlobalSection(SolutionConfigurationPlatforms) = preSolution
		Debug|Any CPU = Debug|Any CPU
		Release|Any CPU = Release|Any CPU
	EndGlobalSection
	GlobalSection(ProjectConfigurationPlatforms) = postSolution
		{5CA45725-D65D-4EF6-9C61-92B50AA6D0DF}.Debug|Any CPU.ActiveCfg = Debug|Any CPU
		{5CA45725-D65D-4EF6-9C61-92B50AA6D0DF}.Debug|Any CPU.Build.0 = Debug|Any CPU
		{5CA45725-D65D-4EF6-9C61-92B50AA6D0DF}.Release|Any CPU.ActiveCfg = Release|Any CPU
		{5CA45725-D65D-4EF6-9C61-92B50AA6D0DF}.Release|Any CPU.Build.0 = Release|Any CPU
	EndGlobalSection
	GlobalSection(SolutionProperties) = preSolution
		HideSolutionNode = FALSE
	EndGlobalSection
	GlobalSection(ExtensibilityGlobals) = postSolution
		SolutionGuid = {646F5369-8017-4817-BC02-68E2E6C03069}
	EndGlobalSection
EndGlobal
